
Microsoft Visual Studio Solution File, Format Version 12.00
# Visual Studio Version 16
VisualStudioVersion = 16.0.30011.22
MinimumVisualStudioVersion = 10.0.40219.1
Project("{9A19103F-16F7-4668-BE54-9A1E7A4F7556}") = "DiscussionPortal", "DiscussionPortal.csproj", "{4AAE693A-D38F-4245-ACA0-F5281A19E8EE}"
EndProject
Global
	GlobalSection(SolutionConfigurationPlatforms) = preSolution
		Debug|Any CPU = Debug|Any CPU
		Release|Any CPU = Release|Any CPU
	EndGlobalSection
	GlobalSection(ProjectConfigurationPlatforms) = postSolution
		{4AAE693A-D38F-4245-ACA0-F5281A19E8EE}.Debug|Any CPU.ActiveCfg = Debug|Any CPU
		{4AAE693A-D38F-4245-ACA0-F5281A19E8EE}.Debug|Any CPU.Build.0 = Debug|Any CPU
		{4AAE693A-D38F-4245-ACA0-F5281A19E8EE}.Release|Any CPU.ActiveCfg = Release|Any CPU
		{4AAE693A-D38F-4245-ACA0-F5281A19E8EE}.Release|Any CPU.Build.0 = Release|Any CPU
	EndGlobalSection
	GlobalSection(SolutionProperties) = preSolution
		HideSolutionNode = FALSE
	EndGlobalSection
	GlobalSection(ExtensibilityGlobals) = postSolution
		SolutionGuid = {B39AE7AA-0936-4B7A-92CE-3C04753E6753}
	EndGlobalSection
EndGlobal
